<?xml version="1.0" encoding="utf-8"?>
<Project ToolsVersion="4.0" xmlns="http://schemas.microsoft.com/developer/msbuild/2003">
  <ItemGroup>
    <ClCompile Include="backend\lzma\LzFind.c">
      <Filter>common\lzma</Filter>
    </ClCompile>
    <ClCompile Include="backend\lzma\lzma.cpp">
      <Filter>common\lzma</Filter>
    </ClCompile>
    <ClCompile Include="backend\lzma\LzmaEnc.c">
      <Filter>common\lzma</Filter>
    </ClCompile>
    <ClCompile Include="exepacker.cpp">
      <Filter>common\gui</Filter>
    </ClCompile>
    <ClCompile Include="stdafx.cpp">
      <Filter>common\gui</Filter>
    </ClCompile>
    <ClCompile Include="backend\fr_pack\frpacker.cpp">
      <Filter>common\frpacker</Filter>
    </ClCompile>
    <ClCompile Include="backend\patternfind.cpp">
      <Filter>common</Filter>
    </ClCompile>
    <ClCompile Include="backend\pack_util.cpp">
      <Filter>backend_x86</Filter>
    </ClCompile>
    <ClCompile Include="backend\pack.cpp">
      <Filter>backend_x86</Filter>
    </ClCompile>
    <ClCompile Include="backend\pack_stubs.cpp">
      <Filter>backend_x86</Filter>
    </ClCompile>
  </ItemGroup>
  <ItemGroup>
    <ClInclude Include="backend\lzma\LzFind.h">
      <Filter>common\lzma</Filter>
    </ClInclude>
    <ClInclude Include="backend\lzma\LzHash.h">
      <Filter>common\lzma</Filter>
    </ClInclude>
    <ClInclude Include="backend\lzma\LzmaEnc.h">
      <Filter>common\lzma</Filter>
    </ClInclude>
    <ClInclude Include="backend\lzma\NameMangle.h">
      <Filter>common\lzma</Filter>
    </ClInclude>
    <ClInclude Include="backend\lzma\Types.h">
      <Filter>common\lzma</Filter>
    </ClInclude>
    <ClInclude Include="Views.h">
      <Filter>common\gui</Filter>
    </ClInclude>
    <ClInclude Include="DlgTabCtrl.h">
      <Filter>common\gui</Filter>
    </ClInclude>
    <ClInclude Include="logger.h">
      <Filter>common\gui</Filter>
    </ClInclude>
    <ClInclude Include="MainDlg.h">
      <Filter>common\gui</Filter>
    </ClInclude>
    <ClInclude Include="resource.h">
      <Filter>common\gui</Filter>
    </ClInclude>
    <ClInclude Include="stdafx.h">
      <Filter>common\gui</Filter>
    </ClInclude>
    <ClInclude Include="utf8conv.h">
      <Filter>common\gui</Filter>
    </ClInclude>
    <ClInclude Include="backend\pack_x86.h">
      <Filter>backend_x86</Filter>
    </ClInclude>
    <ClInclude Include="backend\fr_pack\frpacker.hpp">
      <Filter>common\frpacker</Filter>
    </ClInclude>
    <ClInclude Include="backend\patternfind.h">
      <Filter>common</Filter>
    </ClInclude>
    <ClInclude Include="backend\xbyak\xbyak.h">
      <Filter>common</Filter>
    </ClInclude>
    <ClInclude Include="backend\xbyak\xbyak_bin2hex.h">
      <Filter>common</Filter>
    </ClInclude>
    <ClInclude Include="backend\xbyak\xbyak_mnemonic.h">
      <Filter>common</Filter>
    </ClInclude>
    <ClInclude Include="backend\xbyak\xbyak_util.h">
      <Filter>common</Filter>
    </ClInclude>
    <ClInclude Include="mudlib.h">
      <Filter>common</Filter>
    </ClInclude>
  </ItemGroup>
  <ItemGroup>
    <Filter Include="backend_x86">
      <UniqueIdentifier>{3d3be209-857e-4402-9ecf-1c1356b4338a}</UniqueIdentifier>
    </Filter>
    <Filter Include="common">
      <UniqueIdentifier>{e6c855d2-b313-4d09-84c0-b8a8d1143c0e}</UniqueIdentifier>
    </Filter>
    <Filter Include="common\gui">
      <UniqueIdentifier>{28deb158-cc9d-4bed-8c6e-3fadbb172d5a}</UniqueIdentifier>
    </Filter>
    <Filter Include="common\frpacker">
      <UniqueIdentifier>{d8edd03f-2fc0-4b72-b65a-fcc4ecf1b710}</UniqueIdentifier>
    </Filter>
    <Filter Include="common\lzma">
      <UniqueIdentifier>{78937947-345b-4039-94e0-bcd2035bb025}</UniqueIdentifier>
    </Filter>
  </ItemGroup>
  <ItemGroup>
    <Image Include="res\1400172265_131871.ico">
      <Filter>common\gui</Filter>
    </Image>
    <Image Include="res\1400172285_131908.ico">
      <Filter>common\gui</Filter>
    </Image>
    <Image Include="res\1400174099_131862.ico">
      <Filter>common\gui</Filter>
    </Image>
    <Image Include="res\1403842965_11865.ico">
      <Filter>common\gui</Filter>
    </Image>
    <Image Include="res\1403843176_12002.ico">
      <Filter>common\gui</Filter>
    </Image>
    <Image Include="res\1403843381_46014.ico">
      <Filter>common\gui</Filter>
    </Image>
    <Image Include="res\1403843410_27247.ico">
      <Filter>common\gui</Filter>
    </Image>
    <Image Include="res\compress2.ico">
      <Filter>common\gui</Filter>
    </Image>
    <Image Include="res\logo.bmp">
      <Filter>common\gui</Filter>
    </Image>
  </ItemGroup>
  <ItemGroup>
    <MASM Include="backend\lzma\lzma_depacker_x86.asm">
      <Filter>backend_x86</Filter>
    </MASM>
    <MASM Include="backend\fr_pack\fr_depacker_x86.asm">
      <Filter>backend_x86</Filter>
    </MASM>
  </ItemGroup>
  <ItemGroup>
    <ResourceCompile Include="exepacker.rc">
      <Filter>common\gui</Filter>
    </ResourceCompile>
  </ItemGroup>
  <ItemGroup>
    <None Include="res\mudpack.ico">
      <Filter>common\gui</Filter>
    </None>
  </ItemGroup>
</Project>