
Microsoft Visual Studio Solution File, Format Version 11.00
# Visual Studio 2010
Project("{8BC9CEB8-8B4A-11D0-8D11-00A0C91BC942}") = "lzma", "complib.vcxproj", "{464E2742-B1C0-4480-8A2A-926776F24508}"
EndProject
Global
	GlobalSection(SolutionConfigurationPlatforms) = preSolution
		Debug|Win32 = Debug|Win32
		Release|Win32 = Release|Win32
	EndGlobalSection
	GlobalSection(ProjectConfigurationPlatforms) = postSolution
		{464E2742-B1C0-4480-8A2A-926776F24508}.Debug|Win32.ActiveCfg = Debug|Win32
		{464E2742-B1C0-4480-8A2A-926776F24508}.Debug|Win32.Build.0 = Debug|Win32
		{464E2742-B1C0-4480-8A2A-926776F24508}.Release|Win32.ActiveCfg = Release|Win32
		{464E2742-B1C0-4480-8A2A-926776F24508}.Release|Win32.Build.0 = Release|Win32
	EndGlobalSection
	GlobalSection(SolutionProperties) = preSolution
		HideSolutionNode = FALSE
	EndGlobalSection
EndGlobal
